# This file is autogenerated, do not edit; changes may be undone by the next 'dep ensure'.


[[projects]]
  branch = "morph"
  name = "github.com/DBCDK/kingpin"
  packages = ["."]
  revision = "8554767bc91254c59c7297a99e9867c770e4eadb"

[[projects]]
  branch = "master"
  name = "github.com/alecthomas/template"
  packages = [
    ".",
    "parse"
  ]
  revision = "a0175ee3bccc567396460bf5acd36800cb10c49c"

[[projects]]
  branch = "master"
  name = "github.com/alecthomas/units"
  packages = ["."]
  revision = "2efee857e7cfd4f3d0138cc3cbb1b4966962b93a"

[[projects]]
  name = "github.com/gobwas/glob"
  packages = [
    ".",
    "compiler",
    "match",
    "syntax",
    "syntax/ast",
    "syntax/lexer",
    "util/runes",
    "util/strings"
  ]
  revision = "5ccd90ef52e1e632236f7326478d4faa74f99438"
  version = "v0.2.3"

[[projects]]
  branch = "master"
  name = "golang.org/x/crypto"
  packages = ["ssh/terminal"]
  revision = "0e37d006457bf46f9e6692014ba72ef82c33022c"

[[projects]]
  branch = "master"
  name = "golang.org/x/sys"
  packages = [
    "unix",
    "windows"
  ]
  revision = "ee1b12c67af419cf5a9be3bdbeea7fc1c5f32f11"

[[projects]]
  branch = "v1"
  name = "gopkg.in/mattes/go-expand-tilde.v1"
  packages = ["."]
  revision = "cb884138e64c9a8bf5c7d6106d74b0fca082df0c"

[solve-meta]
  analyzer-name = "dep"
  analyzer-version = 1
  inputs-digest = "e224520f2f2cc55e1d26b1763e20671dd6ef4314b6774c6412290376d9b2b174"
  solver-name = "gps-cdcl"
  solver-version = 1
